// !$*UTF8*$!
{
	archiveVersion = 1;
	classes = {
	};
	objectVersion = 77;
	objects = {

/* Begin PBXContainerItemProxy section */
		26A9F8E82F3F54F400AE2C14 /* PBXContainerItemProxy */ = {
			isa = PBXContainerItemProxy;
			containerPortal = 26A9F8D22F3F54F200AE2C14 /* Project object */;
			proxyType = 1;
			remoteGlobalIDString = 26A9F8D92F3F54F200AE2C14;
			remoteInfo = "moodlet-app-ios";
		};
		26A9F8F22F3F54F400AE2C14 /* PBXContainerItemProxy */ = {
			isa = PBXContainerItemProxy;
			containerPortal = 26A9F8D22F3F54F200AE2C14 /* Project object */;
			proxyType = 1;
			remoteGlobalIDString = 26A9F8D92F3F54F200AE2C14;
			remoteInfo = "moodlet-app-ios";
		};
/* End PBXContainerItemProxy section */

/* Begin PBXFileReference section */
		26A9F8DA2F3F54F200AE2C14 /* moodlet-app-ios.app */ = {isa = PBXFileReference; explicitFileType = wrapper.application; includeInIndex = 0; path = "moodlet-app-ios.app"; sourceTree = BUILT_PRODUCTS_DIR; };
		26A9F8E72F3F54F400AE2C14 /* moodlet-app-iosTests.xctest */ = {isa = PBXFileReference; explicitFileType = wrapper.cfbundle; includeInIndex = 0; path = "moodlet-app-iosTests.xctest"; sourceTree = BUILT_PRODUCTS_DIR; };
		26A9F8F12F3F54F400AE2C14 /* moodlet-app-iosUITests.xctest */ = {isa = PBXFileReference; explicitFileType = wrapper.cfbundle; includeInIndex = 0; path = "moodlet-app-iosUITests.xctest"; sourceTree = BUILT_PRODUCTS_DIR; };
/* End PBXFileReference section */

/* Begin PBXFileSystemSynchronizedRootGroup section */
		26A9F8DC2F3F54F200AE2C14 /* moodlet-app-ios */ = {
			isa = PBXFileSystemSynchronizedRootGroup;
			path = "moodlet-app-ios";
			sourceTree = "<group>";
		};
		26A9F8EA2F3F54F400AE2C14 /* moodlet-app-iosTests */ = {
			isa = PBXFileSystemSynchronizedRootGroup;
			path = "moodlet-app-iosTests";
			sourceTree = "<group>";
		};
		26A9F8F42F3F54F400AE2C14 /* moodlet-app-iosUITests */ = {
			isa = PBXFileSystemSynchronizedRootGroup;
			path = "moodlet-app-iosUITests";
			sourceTree = "<group>";
		};
/* End PBXFileSystemSynchronizedRootGroup section */

/* Begin PBXFrameworksBuildPhase section */
		26A9F8D72F3F54F200AE2C14 /* Frameworks */ = {
			isa = PBXFrameworksBuildPhase;
			buildActionMask = 2147483647;
			files = (
			);
			runOnlyForDeploymentPostprocessing = 0;
		};
		26A9F8E42F3F54F400AE2C14 /* Frameworks */ = {
			isa = PBXFrameworksBuildPhase;
			buildActionMask = 2147483647;
			files = (
			);
			runOnlyForDeploymentPostprocessing = 0;
		};
		26A9F8EE2F3F54F400AE2C14 /* Frameworks */ = {
			isa = PBXFrameworksBuildPhase;
			buildActionMask = 2147483647;
			files = (
			);
			runOnlyForDeploymentPostprocessing = 0;
		};
/* End PBXFrameworksBuildPhase section */

/* Begin PBXGroup section */
		26A9F8D12F3F54F200AE2C14 = {
			isa = PBXGroup;
			children = (
				26A9F8DC2F3F54F200AE2C14 /* moodlet-app-ios */,
				26A9F8EA2F3F54F400AE2C14 /* moodlet-app-iosTests */,
				26A9F8F42F3F54F400AE2C14 /* moodlet-app-iosUITests */,
				26A9F8DB2F3F54F200AE2C14 /* Products */,
			);
			sourceTree = "<group>";
		};
		26A9F8DB2F3F54F200AE2C14 /* Products */ = {
			isa = PBXGroup;
			children = (
				26A9F8DA2F3F54F200AE2C14 /* moodlet-app-ios.app */,
				26A9F8E72F3F54F400AE2C14 /* moodlet-app-iosTests.xctest */,
				26A9F8F12F3F54F400AE2C14 /* moodlet-app-iosUITests.xctest */,
			);
			name = Products;
			sourceTree = "<group>";
		};
/* End PBXGroup section */

/* Begin PBXNativeTarget section */
		26A9F8D92F3F54F200AE2C14 /* moodlet-app-ios */ = {
			isa = PBXNativeTarget;
			buildConfigurationList = 26A9F8FB2F3F54F400AE2C14 /* Build configuration list for PBXNativeTarget "moodlet-app-ios" */;
			buildPhases = (
				26A9F8D62F3F54F200AE2C14 /* Sources */,
				26A9F8D72F3F54F200AE2C14 /* Frameworks */,
				26A9F8D82F3F54F200AE2C14 /* Resources */,
			);
			buildRules = (
			);
			dependencies = (
			);
			fileSystemSynchronizedGroups = (
				26A9F8DC2F3F54F200AE2C14 /* moodlet-app-ios */,
			);
			name = "moodlet-app-ios";
			packageProductDependencies = (
			);
			productName = "moodlet-app-ios";
			productReference = 26A9F8DA2F3F54F200AE2C14 /* moodlet-app-ios.app */;
			productType = "com.apple.product-type.application";
		};
		26A9F8E62F3F54F400AE2C14 /* moodlet-app-iosTests */ = {
			isa = PBXNativeTarget;
			buildConfigurationList = 26A9F8FE2F3F54F400AE2C14 /* Build configuration list for PBXNativeTarget "moodlet-app-iosTests" */;
			buildPhases = (
				26A9F8E32F3F54F400AE2C14 /* Sources */,
				26A9F8E42F3F54F400AE2C14 /* Frameworks */,
				26A9F8E52F3F54F400AE2C14 /* Resources */,
			);
			buildRules = (
			);
			dependencies = (
				26A9F8E92F3F54F400AE2C14 /* PBXTargetDependency */,
			);
			fileSystemSynchronizedGroups = (
				26A9F8EA2F3F54F400AE2C14 /* moodlet-app-iosTests */,
			);
			name = "moodlet-app-iosTests";
			packageProductDependencies = (
			);
			productName = "moodlet-app-iosTests";
			productReference = 26A9F8E72F3F54F400AE2C14 /* moodlet-app-iosTests.xctest */;
			productType = "com.apple.product-type.bundle.unit-test";
		};
		26A9F8F02F3F54F400AE2C14 /* moodlet-app-iosUITests */ = {
			isa = PBXNativeTarget;
			buildConfigurationList = 26A9F9012F3F54F400AE2C14 /* Build configuration list for PBXNativeTarget "moodlet-app-iosUITests" */;
			buildPhases = (
				26A9F8ED2F3F54F400AE2C14 /* Sources */,
				26A9F8EE2F3F54F400AE2C14 /* Frameworks */,
				26A9F8EF2F3F54F400AE2C14 /* Resources */,
			);
			buildRules = (
			);
			dependencies = (
				26A9F8F32F3F54F400AE2C14 /* PBXTargetDependency */,
			);
			fileSystemSynchronizedGroups = (
				26A9F8F42F3F54F400AE2C14 /* moodlet-app-iosUITests */,
			);
			name = "moodlet-app-iosUITests";
			packageProductDependencies = (
			);
			productName = "moodlet-app-iosUITests";
			productReference = 26A9F8F12F3F54F400AE2C14 /* moodlet-app-iosUITests.xctest */;
			productType = "com.apple.product-type.bundle.ui-testing";
		};
/* End PBXNativeTarget section */

/* Begin PBXProject section */
		26A9F8D22F3F54F200AE2C14 /* Project object */ = {
			isa = PBXProject;
			attributes = {
				BuildIndependentTargetsInParallel = 1;
				LastSwiftUpdateCheck = 2620;
				LastUpgradeCheck = 2620;
				TargetAttributes = {
					26A9F8D92F3F54F200AE2C14 = {
						CreatedOnToolsVersion = 26.2;
					};
					26A9F8E62F3F54F400AE2C14 = {
						CreatedOnToolsVersion = 26.2;
						TestTargetID = 26A9F8D92F3F54F200AE2C14;
					};
					26A9F8F02F3F54F400AE2C14 = {
						CreatedOnToolsVersion = 26.2;
						TestTargetID = 26A9F8D92F3F54F200AE2C14;
					};
				};
			};
			buildConfigurationList = 26A9F8D52F3F54F200AE2C14 /* Build configuration list for PBXProject "moodlet-app-ios" */;
			developmentRegion = en;
			hasScannedForEncodings = 0;
			knownRegions = (
				en,
				Base,
			);
			mainGroup = 26A9F8D12F3F54F200AE2C14;
			minimizedProjectReferenceProxies = 1;
			preferredProjectObjectVersion = 77;
			productRefGroup = 26A9F8DB2F3F54F200AE2C14 /* Products */;
			projectDirPath = "";
			projectRoot = "";
			targets = (
				26A9F8D92F3F54F200AE2C14 /* moodlet-app-ios */,
				26A9F8E62F3F54F400AE2C14 /* moodlet-app-iosTests */,
				26A9F8F02F3F54F400AE2C14 /* moodlet-app-iosUITests */,
			);
		};
/* End PBXProject section */

/* Begin PBXResourcesBuildPhase section */
		26A9F8D82F3F54F200AE2C14 /* Resources */ = {
			isa = PBXResourcesBuildPhase;
			buildActionMask = 2147483647;
			files = (
			);
			runOnlyForDeploymentPostprocessing = 0;
		};
		26A9F8E52F3F54F400AE2C14 /* Resources */ = {
			isa = PBXResourcesBuildPhase;
			buildActionMask = 2147483647;
			files = (
			);
			runOnlyForDeploymentPostprocessing = 0;
		};
		26A9F8EF2F3F54F400AE2C14 /* Resources */ = {
			isa = PBXResourcesBuildPhase;
			buildActionMask = 2147483647;
			files = (
			);
			runOnlyForDeploymentPostprocessing = 0;
		};
/* End PBXResourcesBuildPhase section */

/* Begin PBXSourcesBuildPhase section */
		26A9F8D62F3F54F200AE2C14 /* Sources */ = {
			isa = PBXSourcesBuildPhase;
			buildActionMask = 2147483647;
			files = (
			);
			runOnlyForDeploymentPostprocessing = 0;
		};
		26A9F8E32F3F54F400AE2C14 /* Sources */ = {
			isa = PBXSourcesBuildPhase;
			buildActionMask = 2147483647;
			files = (
			);
			runOnlyForDeploymentPostprocessing = 0;
		};
		26A9F8ED2F3F54F400AE2C14 /* Sources */ = {
			isa = PBXSourcesBuildPhase;
			buildActionMask = 2147483647;
			files = (
			);
			runOnlyForDeploymentPostprocessing = 0;
		};
/* End PBXSourcesBuildPhase section */

/* Begin PBXTargetDependency section */
		26A9F8E92F3F54F400AE2C14 /* PBXTargetDependency */ = {
			isa = PBXTargetDependency;
			target = 26A9F8D92F3F54F200AE2C14 /* moodlet-app-ios */;
			targetProxy = 26A9F8E82F3F54F400AE2C14 /* PBXContainerItemProxy */;
		};
		26A9F8F32F3F54F400AE2C14 /* PBXTargetDependency */ = {
			isa = PBXTargetDependency;
			target = 26A9F8D92F3F54F200AE2C14 /* moodlet-app-ios */;
			targetProxy = 26A9F8F22F3F54F400AE2C14 /* PBXContainerItemProxy */;
		};
/* End PBXTargetDependency section */

/* Begin XCBuildConfiguration section */
		26A9F8F92F3F54F400AE2C14 /* Debug */ = {
			isa = XCBuildConfiguration;
			buildSettings = {
				ALWAYS_SEARCH_USER_PATHS = NO;
				ASSETCATALOG_COMPILER_GENERATE_SWIFT_ASSET_SYMBOL_EXTENSIONS = YES;
				CLANG_ANALYZER_NONNULL = YES;
				CLANG_ANALYZER_NUMBER_OBJECT_CONVERSION = YES_AGGRESSIVE;
				CLANG_CXX_LANGUAGE_STANDARD = "gnu++20";
				CLANG_ENABLE_MODULES = YES;
				CLANG_ENABLE_OBJC_ARC = YES;
				CLANG_ENABLE_OBJC_WEAK = YES;
				CLANG_WARN_BLOCK_CAPTURE_AUTORELEASING = YES;
				CLANG_WARN_BOOL_CONVERSION = YES;
				CLANG_WARN_COMMA = YES;
				CLANG_WARN_CONSTANT_CONVERSION = YES;
				CLANG_WARN_DEPRECATED_OBJC_IMPLEMENTATIONS = YES;
				CLANG_WARN_DIRECT_OBJC_ISA_USAGE = YES_ERROR;
				CLANG_WARN_DOCUMENTATION_COMMENTS = YES;
				CLANG_WARN_EMPTY_BODY = YES;
				CLANG_WARN_ENUM_CONVERSION = YES;
				CLANG_WARN_INFINITE_RECURSION = YES;
				CLANG_WARN_INT_CONVERSION = YES;
				CLANG_WARN_NON_LITERAL_NULL_CONVERSION = YES;
				CLANG_WARN_OBJC_IMPLICIT_RETAIN_SELF = YES;
				CLANG_WARN_OBJC_LITERAL_CONVERSION = YES;
				CLANG_WARN_OBJC_ROOT_CLASS = YES_ERROR;
				CLANG_WARN_QUOTED_INCLUDE_IN_FRAMEWORK_HEADER = YES;
				CLANG_WARN_RANGE_LOOP_ANALYSIS = YES;
				CLANG_WARN_STRICT_PROTOTYPES = YES;
				CLANG_WARN_SUSPICIOUS_MOVE = YES;
				CLANG_WARN_UNGUARDED_AVAILABILITY = YES_AGGRESSIVE;
				CLANG_WARN_UNREACHABLE_CODE = YES;
				CLANG_WARN__DUPLICATE_METHOD_MATCH = YES;
				COPY_PHASE_STRIP = NO;
				DEBUG_INFORMATION_FORMAT = dwarf;
				DEVELOPMENT_TEAM = 2ZJ9P9Y7U3;
				ENABLE_STRICT_OBJC_MSGSEND = YES;
				ENABLE_TESTABILITY = YES;
				ENABLE_USER_SCRIPT_SANDBOXING = YES;
				GCC_C_LANGUAGE_STANDARD = gnu17;
				GCC_DYNAMIC_NO_PIC = NO;
				GCC_NO_COMMON_BLOCKS = YES;
				GCC_OPTIMIZATION_LEVEL = 0;
				GCC_PREPROCESSOR_DEFINITIONS = (
					"DEBUG=1",
					"$(inherited)",
				);
				GCC_WARN_64_TO_32_BIT_CONVERSION = YES;
				GCC_WARN_ABOUT_RETURN_TYPE = YES_ERROR;
				GCC_WARN_UNDECLARED_SELECTOR = YES;
				GCC_WARN_UNINITIALIZED_AUTOS = YES_AGGRESSIVE;
				GCC_WARN_UNUSED_FUNCTION = YES;
				GCC_WARN_UNUSED_VARIABLE = YES;
				IPHONEOS_DEPLOYMENT_TARGET = 26.2;
				LOCALIZATION_PREFERS_STRING_CATALOGS = YES;
				MTL_ENABLE_DEBUG_INFO = INCLUDE_SOURCE;
				MTL_FAST_MATH = YES;
				ONLY_ACTIVE_ARCH = YES;
				SDKROOT = iphoneos;
				SWIFT_ACTIVE_COMPILATION_CONDITIONS = "DEBUG $(inherited)";
				SWIFT_OPTIMIZATION_LEVEL = "-Onone";
			};
			name = Debug;
		};
		26A9F8FA2F3F54F400AE2C14 /* Release */ = {
			isa = XCBuildConfiguration;
			buildSettings = {
				ALWAYS_SEARCH_USER_PATHS = NO;
				ASSETCATALOG_COMPILER_GENERATE_SWIFT_ASSET_SYMBOL_EXTENSIONS = YES;
				CLANG_ANALYZER_NONNULL = YES;
				CLANG_ANALYZER_NUMBER_OBJECT_CONVERSION = YES_AGGRESSIVE;
				CLANG_CXX_LANGUAGE_STANDARD = "gnu++20";
				CLANG_ENABLE_MODULES = YES;
				CLANG_ENABLE_OBJC_ARC = YES;
				CLANG_ENABLE_OBJC_WEAK = YES;
				CLANG_WARN_BLOCK_CAPTURE_AUTORELEASING = YES;
				CLANG_WARN_BOOL_CONVERSION = YES;
				CLANG_WARN_COMMA = YES;
				CLANG_WARN_CONSTANT_CONVERSION = YES;
				CLANG_WARN_DEPRECATED_OBJC_IMPLEMENTATIONS = YES;
				CLANG_WARN_DIRECT_OBJC_ISA_USAGE = YES_ERROR;
				CLANG_WARN_DOCUMENTATION_COMMENTS = YES;
				CLANG_WARN_EMPTY_BODY = YES;
				CLANG_WARN_ENUM_CONVERSION = YES;
				CLANG_WARN_INFINITE_RECURSION = YES;
				CLANG_WARN_INT_CONVERSION = YES;
				CLANG_WARN_NON_LITERAL_NULL_CONVERSION = YES;
				CLANG_WARN_OBJC_IMPLICIT_RETAIN_SELF = YES;
				CLANG_WARN_OBJC_LITERAL_CONVERSION = YES;
				CLANG_WARN_OBJC_ROOT_CLASS = YES_ERROR;
				CLANG_WARN_QUOTED_INCLUDE_IN_FRAMEWORK_HEADER = YES;
				CLANG_WARN_RANGE_LOOP_ANALYSIS = YES;
				CLANG_WARN_STRICT_PROTOTYPES = YES;
				CLANG_WARN_SUSPICIOUS_MOVE = YES;
				CLANG_WARN_UNGUARDED_AVAILABILITY = YES_AGGRESSIVE;
				CLANG_WARN_UNREACHABLE_CODE = YES;
				CLANG_WARN__DUPLICATE_METHOD_MATCH = YES;
				COPY_PHASE_STRIP = NO;
				DEBUG_INFORMATION_FORMAT = "dwarf-with-dsym";
				DEVELOPMENT_TEAM = 2ZJ9P9Y7U3;
				ENABLE_NS_ASSERTIONS = NO;
				ENABLE_STRICT_OBJC_MSGSEND = YES;
				ENABLE_USER_SCRIPT_SANDBOXING = YES;
				GCC_C_LANGUAGE_STANDARD = gnu17;
				GCC_NO_COMMON_BLOCKS = YES;
				GCC_WARN_64_TO_32_BIT_CONVERSION = YES;
				GCC_WARN_ABOUT_RETURN_TYPE = YES_ERROR;
				GCC_WARN_UNDECLARED_SELECTOR = YES;
				GCC_WARN_UNINITIALIZED_AUTOS = YES_AGGRESSIVE;
				GCC_WARN_UNUSED_FUNCTION = YES;
				GCC_WARN_UNUSED_VARIABLE = YES;
				IPHONEOS_DEPLOYMENT_TARGET = 26.2;
				LOCALIZATION_PREFERS_STRING_CATALOGS = YES;
				MTL_ENABLE_DEBUG_INFO = NO;
				MTL_FAST_MATH = YES;
				SDKROOT = iphoneos;
				SWIFT_COMPILATION_MODE = wholemodule;
				VALIDATE_PRODUCT = YES;
			};
			name = Release;
		};
		26A9F8FC2F3F54F400AE2C14 /* Debug */ = {
			isa = XCBuildConfiguration;
			buildSettings = {
				ASSETCATALOG_COMPILER_APPICON_NAME = AppIcon;
				ASSETCATALOG_COMPILER_GLOBAL_ACCENT_COLOR_NAME = AccentColor;
				CODE_SIGN_STYLE = Automatic;
				CURRENT_PROJECT_VERSION = 1;
				DEVELOPMENT_TEAM = 2ZJ9P9Y7U3;
				ENABLE_PREVIEWS = YES;
				GENERATE_INFOPLIST_FILE = YES;
				INFOPLIST_KEY_UIApplicationSceneManifest_Generation = YES;
				INFOPLIST_KEY_UIApplicationSupportsIndirectInputEvents = YES;
				INFOPLIST_KEY_UILaunchScreen_Generation = YES;
				INFOPLIST_KEY_UIStatusBarStyle = "";
				INFOPLIST_KEY_UISupportedInterfaceOrientations = UIInterfaceOrientationPortrait;
				INFOPLIST_KEY_UISupportedInterfaceOrientations_iPad = "UIInterfaceOrientationLandscapeLeft UIInterfaceOrientationLandscapeRight UIInterfaceOrientationPortrait UIInterfaceOrientationPortraitUpsideDown";
				IPHONEOS_DEPLOYMENT_TARGET = 15.6;
				LD_RUNPATH_SEARCH_PATHS = (
					"$(inherited)",
					"@executable_path/Frameworks",
				);
				MARKETING_VERSION = 1.0.0;
				PRODUCT_BUNDLE_IDENTIFIER = "cloud-ip.cc.moodlet.moodlet-app-ios";
				PRODUCT_NAME = "$(TARGET_NAME)";
				STRING_CATALOG_GENERATE_SYMBOLS = YES;
				SUPPORTED_PLATFORMS = "iphoneos iphonesimulator";
				SUPPORTS_MACCATALYST = NO;
				SUPPORTS_MAC_DESIGNED_FOR_IPHONE_IPAD = NO;
				SUPPORTS_XR_DESIGNED_FOR_IPHONE_IPAD = NO;
				SWIFT_APPROACHABLE_CONCURRENCY = YES;
				SWIFT_DEFAULT_ACTOR_ISOLATION = MainActor;
				SWIFT_EMIT_LOC_STRINGS = YES;
				SWIFT_UPCOMING_FEATURE_MEMBER_IMPORT_VISIBILITY = YES;
				SWIFT_VERSION = 5.0;
				TARGETED_DEVICE_FAMILY = 1;
			};
			name = Debug;
		};
		26A9F8FD2F3F54F400AE2C14 /* Release */ = {
			isa = XCBuildConfiguration;
			buildSettings = {
				ASSETCATALOG_COMPILER_APPICON_NAME = AppIcon;
				ASSETCATALOG_COMPILER_GLOBAL_ACCENT_COLOR_NAME = AccentColor;
				CODE_SIGN_STYLE = Automatic;
				CURRENT_PROJECT_VERSION = 1;
				DEVELOPMENT_TEAM = 2ZJ9P9Y7U3;
				ENABLE_PREVIEWS = YES;
				GENERATE_INFOPLIST_FILE = YES;
				INFOPLIST_KEY_UIApplicationSceneManifest_Generation = YES;
				INFOPLIST_KEY_UIApplicationSupportsIndirectInputEvents = YES;
				INFOPLIST_KEY_UILaunchScreen_Generation = YES;
				INFOPLIST_KEY_UIStatusBarStyle = "";
				INFOPLIST_KEY_UISupportedInterfaceOrientations = UIInterfaceOrientationPortrait;
				INFOPLIST_KEY_UISupportedInterfaceOrientations_iPad = "UIInterfaceOrientationLandscapeLeft UIInterfaceOrientationLandscapeRight UIInterfaceOrientationPortrait UIInterfaceOrientationPortraitUpsideDown";
				IPHONEOS_DEPLOYMENT_TARGET = 15.6;
				LD_RUNPATH_SEARCH_PATHS = (
					"$(inherited)",
					"@executable_path/Frameworks",
				);
				MARKETING_VERSION = 1.0.0;
				PRODUCT_BUNDLE_IDENTIFIER = "cloud-ip.cc.moodlet.moodlet-app-ios";
				PRODUCT_NAME = "$(TARGET_NAME)";
				STRING_CATALOG_GENERATE_SYMBOLS = YES;
				SUPPORTED_PLATFORMS = "iphoneos iphonesimulator";
				SUPPORTS_MACCATALYST = NO;
				SUPPORTS_MAC_DESIGNED_FOR_IPHONE_IPAD = NO;
				SUPPORTS_XR_DESIGNED_FOR_IPHONE_IPAD = NO;
				SWIFT_APPROACHABLE_CONCURRENCY = YES;
				SWIFT_DEFAULT_ACTOR_ISOLATION = MainActor;
				SWIFT_EMIT_LOC_STRINGS = YES;
				SWIFT_UPCOMING_FEATURE_MEMBER_IMPORT_VISIBILITY = YES;
				SWIFT_VERSION = 5.0;
				TARGETED_DEVICE_FAMILY = 1;
			};
			name = Release;
		};
		26A9F8FF2F3F54F400AE2C14 /* Debug */ = {
			isa = XCBuildConfiguration;
			buildSettings = {
				BUNDLE_LOADER = "$(TEST_HOST)";
				CODE_SIGN_STYLE = Automatic;
				CURRENT_PROJECT_VERSION = 1;
				DEVELOPMENT_TEAM = 2ZJ9P9Y7U3;
				GENERATE_INFOPLIST_FILE = YES;
				IPHONEOS_DEPLOYMENT_TARGET = 26.2;
				MARKETING_VERSION = 1.0;
				PRODUCT_BUNDLE_IDENTIFIER = "cloud-ip.cc.moodlet.moodlet-app-iosTests";
				PRODUCT_NAME = "$(TARGET_NAME)";
				STRING_CATALOG_GENERATE_SYMBOLS = NO;
				SWIFT_APPROACHABLE_CONCURRENCY = YES;
				SWIFT_EMIT_LOC_STRINGS = NO;
				SWIFT_UPCOMING_FEATURE_MEMBER_IMPORT_VISIBILITY = YES;
				SWIFT_VERSION = 5.0;
				TARGETED_DEVICE_FAMILY = "1,2";
				TEST_HOST = "$(BUILT_PRODUCTS_DIR)/moodlet-app-ios.app/$(BUNDLE_EXECUTABLE_FOLDER_PATH)/moodlet-app-ios";
			};
			name = Debug;
		};
		26A9F9002F3F54F400AE2C14 /* Release */ = {
			isa = XCBuildConfiguration;
			buildSettings = {
				BUNDLE_LOADER = "$(TEST_HOST)";
				CODE_SIGN_STYLE = Automatic;
				CURRENT_PROJECT_VERSION = 1;
				DEVELOPMENT_TEAM = 2ZJ9P9Y7U3;
				GENERATE_INFOPLIST_FILE = YES;
				IPHONEOS_DEPLOYMENT_TARGET = 26.2;
				MARKETING_VERSION = 1.0;
				PRODUCT_BUNDLE_IDENTIFIER = "cloud-ip.cc.moodlet.moodlet-app-iosTests";
				PRODUCT_NAME = "$(TARGET_NAME)";
				STRING_CATALOG_GENERATE_SYMBOLS = NO;
				SWIFT_APPROACHABLE_CONCURRENCY = YES;
				SWIFT_EMIT_LOC_STRINGS = NO;
				SWIFT_UPCOMING_FEATURE_MEMBER_IMPORT_VISIBILITY = YES;
				SWIFT_VERSION = 5.0;
				TARGETED_DEVICE_FAMILY = "1,2";
				TEST_HOST = "$(BUILT_PRODUCTS_DIR)/moodlet-app-ios.app/$(BUNDLE_EXECUTABLE_FOLDER_PATH)/moodlet-app-ios";
			};
			name = Release;
		};
		26A9F9022F3F54F400AE2C14 /* Debug */ = {
			isa = XCBuildConfiguration;
			buildSettings = {
				CODE_SIGN_STYLE = Automatic;
				CURRENT_PROJECT_VERSION = 1;
				DEVELOPMENT_TEAM = 2ZJ9P9Y7U3;
				GENERATE_INFOPLIST_FILE = YES;
				MARKETING_VERSION = 1.0;
				PRODUCT_BUNDLE_IDENTIFIER = "cloud-ip.cc.moodlet.moodlet-app-iosUITests";
				PRODUCT_NAME = "$(TARGET_NAME)";
				STRING_CATALOG_GENERATE_SYMBOLS = NO;
				SWIFT_APPROACHABLE_CONCURRENCY = YES;
				SWIFT_EMIT_LOC_STRINGS = NO;
				SWIFT_UPCOMING_FEATURE_MEMBER_IMPORT_VISIBILITY = YES;
				SWIFT_VERSION = 5.0;
				TARGETED_DEVICE_FAMILY = "1,2";
				TEST_TARGET_NAME = "moodlet-app-ios";
			};
			name = Debug;
		};
		26A9F9032F3F54F400AE2C14 /* Release */ = {
			isa = XCBuildConfiguration;
			buildSettings = {
				CODE_SIGN_STYLE = Automatic;
				CURRENT_PROJECT_VERSION = 1;
				DEVELOPMENT_TEAM = 2ZJ9P9Y7U3;
				GENERATE_INFOPLIST_FILE = YES;
				MARKETING_VERSION = 1.0;
				PRODUCT_BUNDLE_IDENTIFIER = "cloud-ip.cc.moodlet.moodlet-app-iosUITests";
				PRODUCT_NAME = "$(TARGET_NAME)";
				STRING_CATALOG_GENERATE_SYMBOLS = NO;
				SWIFT_APPROACHABLE_CONCURRENCY = YES;
				SWIFT_EMIT_LOC_STRINGS = NO;
				SWIFT_UPCOMING_FEATURE_MEMBER_IMPORT_VISIBILITY = YES;
				SWIFT_VERSION = 5.0;
				TARGETED_DEVICE_FAMILY = "1,2";
				TEST_TARGET_NAME = "moodlet-app-ios";
			};
			name = Release;
		};
/* End XCBuildConfiguration section */

/* Begin XCConfigurationList section */
		26A9F8D52F3F54F200AE2C14 /* Build configuration list for PBXProject "moodlet-app-ios" */ = {
			isa = XCConfigurationList;
			buildConfigurations = (
				26A9F8F92F3F54F400AE2C14 /* Debug */,
				26A9F8FA2F3F54F400AE2C14 /* Release */,
			);
			defaultConfigurationIsVisible = 0;
			defaultConfigurationName = Release;
		};
		26A9F8FB2F3F54F400AE2C14 /* Build configuration list for PBXNativeTarget "moodlet-app-ios" */ = {
			isa = XCConfigurationList;
			buildConfigurations = (
				26A9F8FC2F3F54F400AE2C14 /* Debug */,
				26A9F8FD2F3F54F400AE2C14 /* Release */,
			);
			defaultConfigurationIsVisible = 0;
			defaultConfigurationName = Release;
		};
		26A9F8FE2F3F54F400AE2C14 /* Build configuration list for PBXNativeTarget "moodlet-app-iosTests" */ = {
			isa = XCConfigurationList;
			buildConfigurations = (
				26A9F8FF2F3F54F400AE2C14 /* Debug */,
				26A9F9002F3F54F400AE2C14 /* Release */,
			);
			defaultConfigurationIsVisible = 0;
			defaultConfigurationName = Release;
		};
		26A9F9012F3F54F400AE2C14 /* Build configuration list for PBXNativeTarget "moodlet-app-iosUITests" */ = {
			isa = XCConfigurationList;
			buildConfigurations = (
				26A9F9022F3F54F400AE2C14 /* Debug */,
				26A9F9032F3F54F400AE2C14 /* Release */,
			);
			defaultConfigurationIsVisible = 0;
			defaultConfigurationName = Release;
		};
/* End XCConfigurationList section */
	};
	rootObject = 26A9F8D22F3F54F200AE2C14 /* Project object */;
}
